// !$*UTF8*$!
{
	archiveVersion = 1;
	classes = {
	};
	objectVersion = 55;
	objects = {

/* Begin PBXBuildFile section */
		334C510628C1047A000B6668 /* ViewModel.swift in Sources */ = {isa = PBXBuildFile; fileRef = 334C510528C1047A000B6668 /* ViewModel.swift */; };
		334C510928C107F3000B6668 /* ViewModelProtocol.swift in Sources */ = {isa = PBXBuildFile; fileRef = 334C510828C107F3000B6668 /* ViewModelProtocol.swift */; };
		334C510B28C109FD000B6668 /* ErrorViewControllerController.swift in Sources */ = {isa = PBXBuildFile; fileRef = 334C510A28C109FD000B6668 /* ErrorViewControllerController.swift */; };
		33987BC928C1027F00C70DD7 /* AppDelegate.swift in Sources */ = {isa = PBXBuildFile; fileRef = 33987BC828C1027F00C70DD7 /* AppDelegate.swift */; };
		33987BCB28C1027F00C70DD7 /* SceneDelegate.swift in Sources */ = {isa = PBXBuildFile; fileRef = 33987BCA28C1027F00C70DD7 /* SceneDelegate.swift */; };
		33987BCD28C1027F00C70DD7 /* ViewController.swift in Sources */ = {isa = PBXBuildFile; fileRef = 33987BCC28C1027F00C70DD7 /* ViewController.swift */; };
		33987BD028C1027F00C70DD7 /* Main.storyboard in Resources */ = {isa = PBXBuildFile; fileRef = 33987BCE28C1027F00C70DD7 /* Main.storyboard */; };
		33987BD228C1028100C70DD7 /* Assets.xcassets in Resources */ = {isa = PBXBuildFile; fileRef = 33987BD128C1028100C70DD7 /* Assets.xcassets */; };
		33987BD528C1028100C70DD7 /* LaunchScreen.storyboard in Resources */ = {isa = PBXBuildFile; fileRef = 33987BD328C1028100C70DD7 /* LaunchScreen.storyboard */; };
		33ADF08F28C11DC700F9401C /* SuccessViewController.swift in Sources */ = {isa = PBXBuildFile; fileRef = 33ADF08E28C11DC700F9401C /* SuccessViewController.swift */; };
/* End PBXBuildFile section */

/* Begin PBXFileReference section */
		334C510528C1047A000B6668 /* ViewModel.swift */ = {isa = PBXFileReference; lastKnownFileType = sourcecode.swift; path = ViewModel.swift; sourceTree = "<group>"; };
		334C510828C107F3000B6668 /* ViewModelProtocol.swift */ = {isa = PBXFileReference; lastKnownFileType = sourcecode.swift; path = ViewModelProtocol.swift; sourceTree = "<group>"; };
		334C510A28C109FD000B6668 /* ErrorViewControllerController.swift */ = {isa = PBXFileReference; lastKnownFileType = sourcecode.swift; path = ErrorViewControllerController.swift; sourceTree = "<group>"; };
		33987BC528C1027F00C70DD7 /* CpfValidator.app */ = {isa = PBXFileReference; explicitFileType = wrapper.application; includeInIndex = 0; path = CpfValidator.app; sourceTree = BUILT_PRODUCTS_DIR; };
		33987BC828C1027F00C70DD7 /* AppDelegate.swift */ = {isa = PBXFileReference; lastKnownFileType = sourcecode.swift; path = AppDelegate.swift; sourceTree = "<group>"; };
		33987BCA28C1027F00C70DD7 /* SceneDelegate.swift */ = {isa = PBXFileReference; lastKnownFileType = sourcecode.swift; path = SceneDelegate.swift; sourceTree = "<group>"; };
		33987BCC28C1027F00C70DD7 /* ViewController.swift */ = {isa = PBXFileReference; lastKnownFileType = sourcecode.swift; path = ViewController.swift; sourceTree = "<group>"; };
		33987BCF28C1027F00C70DD7 /* Base */ = {isa = PBXFileReference; lastKnownFileType = file.storyboard; name = Base; path = Base.lproj/Main.storyboard; sourceTree = "<group>"; };
		33987BD128C1028100C70DD7 /* Assets.xcassets */ = {isa = PBXFileReference; lastKnownFileType = folder.assetcatalog; path = Assets.xcassets; sourceTree = "<group>"; };
		33987BD428C1028100C70DD7 /* Base */ = {isa = PBXFileReference; lastKnownFileType = file.storyboard; name = Base; path = Base.lproj/LaunchScreen.storyboard; sourceTree = "<group>"; };
		33987BD628C1028100C70DD7 /* Info.plist */ = {isa = PBXFileReference; lastKnownFileType = text.plist.xml; path = Info.plist; sourceTree = "<group>"; };
		33ADF08E28C11DC700F9401C /* SuccessViewController.swift */ = {isa = PBXFileReference; lastKnownFileType = sourcecode.swift; path = SuccessViewController.swift; sourceTree = "<group>"; };
/* End PBXFileReference section */

/* Begin PBXFrameworksBuildPhase section */
		33987BC228C1027F00C70DD7 /* Frameworks */ = {
			isa = PBXFrameworksBuildPhase;
			buildActionMask = 2147483647;
			files = (
			);
			runOnlyForDeploymentPostprocessing = 0;
		};
/* End PBXFrameworksBuildPhase section */

/* Begin PBXGroup section */
		334C510028C103D7000B6668 /* ViewModel */ = {
			isa = PBXGroup;
			children = (
				334C510528C1047A000B6668 /* ViewModel.swift */,
			);
			path = ViewModel;
			sourceTree = "<group>";
		};
		334C510128C103E0000B6668 /* View */ = {
			isa = PBXGroup;
			children = (
				334C510228C103F0000B6668 /* Controller */,
			);
			path = View;
			sourceTree = "<group>";
		};
		334C510228C103F0000B6668 /* Controller */ = {
			isa = PBXGroup;
			children = (
				33987BCC28C1027F00C70DD7 /* ViewController.swift */,
				334C510A28C109FD000B6668 /* ErrorViewControllerController.swift */,
				33ADF08E28C11DC700F9401C /* SuccessViewController.swift */,
			);
			path = Controller;
			sourceTree = "<group>";
		};
		334C510328C10405000B6668 /* Application */ = {
			isa = PBXGroup;
			children = (
				33987BC828C1027F00C70DD7 /* AppDelegate.swift */,
				33987BCA28C1027F00C70DD7 /* SceneDelegate.swift */,
			);
			path = Application;
			sourceTree = "<group>";
		};
		334C510428C10417000B6668 /* Resources */ = {
			isa = PBXGroup;
			children = (
				33987BD128C1028100C70DD7 /* Assets.xcassets */,
				33987BD328C1028100C70DD7 /* LaunchScreen.storyboard */,
			);
			path = Resources;
			sourceTree = "<group>";
		};
		334C510728C107E0000B6668 /* Protocols */ = {
			isa = PBXGroup;
			children = (
				334C510828C107F3000B6668 /* ViewModelProtocol.swift */,
			);
			path = Protocols;
			sourceTree = "<group>";
		};
		33987BBC28C1027F00C70DD7 = {
			isa = PBXGroup;
			children = (
				33987BC728C1027F00C70DD7 /* CpfValidator */,
				33987BC628C1027F00C70DD7 /* Products */,
			);
			sourceTree = "<group>";
		};
		33987BC628C1027F00C70DD7 /* Products */ = {
			isa = PBXGroup;
			children = (
				33987BC528C1027F00C70DD7 /* CpfValidator.app */,
			);
			name = Products;
			sourceTree = "<group>";
		};
		33987BC728C1027F00C70DD7 /* CpfValidator */ = {
			isa = PBXGroup;
			children = (
				334C510728C107E0000B6668 /* Protocols */,
				334C510428C10417000B6668 /* Resources */,
				334C510328C10405000B6668 /* Application */,
				334C510128C103E0000B6668 /* View */,
				334C510028C103D7000B6668 /* ViewModel */,
				33987BCE28C1027F00C70DD7 /* Main.storyboard */,
				33987BD628C1028100C70DD7 /* Info.plist */,
			);
			path = CpfValidator;
			sourceTree = "<group>";
		};
/* End PBXGroup section */

/* Begin PBXNativeTarget section */
		33987BC428C1027F00C70DD7 /* CpfValidator */ = {
			isa = PBXNativeTarget;
			buildConfigurationList = 33987BD928C1028100C70DD7 /* Build configuration list for PBXNativeTarget "CpfValidator" */;
			buildPhases = (
				33987BC128C1027F00C70DD7 /* Sources */,
				33987BC228C1027F00C70DD7 /* Frameworks */,
				33987BC328C1027F00C70DD7 /* Resources */,
			);
			buildRules = (
			);
			dependencies = (
			);
			name = CpfValidator;
			productName = CpfValidator;
			productReference = 33987BC528C1027F00C70DD7 /* CpfValidator.app */;
			productType = "com.apple.product-type.application";
		};
/* End PBXNativeTarget section */

/* Begin PBXProject section */
		33987BBD28C1027F00C70DD7 /* Project object */ = {
			isa = PBXProject;
			attributes = {
				BuildIndependentTargetsInParallel = 1;
				LastSwiftUpdateCheck = 1340;
				LastUpgradeCheck = 1340;
				TargetAttributes = {
					33987BC428C1027F00C70DD7 = {
						CreatedOnToolsVersion = 13.4.1;
					};
				};
			};
			buildConfigurationList = 33987BC028C1027F00C70DD7 /* Build configuration list for PBXProject "CpfValidator" */;
			compatibilityVersion = "Xcode 13.0";
			developmentRegion = en;
			hasScannedForEncodings = 0;
			knownRegions = (
				en,
				Base,
			);
			mainGroup = 33987BBC28C1027F00C70DD7;
			productRefGroup = 33987BC628C1027F00C70DD7 /* Products */;
			projectDirPath = "";
			projectRoot = "";
			targets = (
				33987BC428C1027F00C70DD7 /* CpfValidator */,
			);
		};
/* End PBXProject section */

/* Begin PBXResourcesBuildPhase section */
		33987BC328C1027F00C70DD7 /* Resources */ = {
			isa = PBXResourcesBuildPhase;
			buildActionMask = 2147483647;
			files = (
				33987BD528C1028100C70DD7 /* LaunchScreen.storyboard in Resources */,
				33987BD228C1028100C70DD7 /* Assets.xcassets in Resources */,
				33987BD028C1027F00C70DD7 /* Main.storyboard in Resources */,
			);
			runOnlyForDeploymentPostprocessing = 0;
		};
/* End PBXResourcesBuildPhase section */

/* Begin PBXSourcesBuildPhase section */
		33987BC128C1027F00C70DD7 /* Sources */ = {
			isa = PBXSourcesBuildPhase;
			buildActionMask = 2147483647;
			files = (
				33987BCD28C1027F00C70DD7 /* ViewController.swift in Sources */,
				33ADF08F28C11DC700F9401C /* SuccessViewController.swift in Sources */,
				334C510B28C109FD000B6668 /* ErrorViewControllerController.swift in Sources */,
				334C510928C107F3000B6668 /* ViewModelProtocol.swift in Sources */,
				33987BC928C1027F00C70DD7 /* AppDelegate.swift in Sources */,
				334C510628C1047A000B6668 /* ViewModel.swift in Sources */,
				33987BCB28C1027F00C70DD7 /* SceneDelegate.swift in Sources */,
			);
			runOnlyForDeploymentPostprocessing = 0;
		};
/* End PBXSourcesBuildPhase section */

/* Begin PBXVariantGroup section */
		33987BCE28C1027F00C70DD7 /* Main.storyboard */ = {
			isa = PBXVariantGroup;
			children = (
				33987BCF28C1027F00C70DD7 /* Base */,
			);
			name = Main.storyboard;
			sourceTree = "<group>";
		};
		33987BD328C1028100C70DD7 /* LaunchScreen.storyboard */ = {
			isa = PBXVariantGroup;
			children = (
				33987BD428C1028100C70DD7 /* Base */,
			);
			name = LaunchScreen.storyboard;
			sourceTree = "<group>";
		};
/* End PBXVariantGroup section */

/* Begin XCBuildConfiguration section */
		33987BD728C1028100C70DD7 /* Debug */ = {
			isa = XCBuildConfiguration;
			buildSettings = {
				ALWAYS_SEARCH_USER_PATHS = NO;
				CLANG_ANALYZER_NONNULL = YES;
				CLANG_ANALYZER_NUMBER_OBJECT_CONVERSION = YES_AGGRESSIVE;
				CLANG_CXX_LANGUAGE_STANDARD = "gnu++17";
				CLANG_ENABLE_MODULES = YES;
				CLANG_ENABLE_OBJC_ARC = YES;
				CLANG_ENABLE_OBJC_WEAK = YES;
				CLANG_WARN_BLOCK_CAPTURE_AUTORELEASING = YES;
				CLANG_WARN_BOOL_CONVERSION = YES;
				CLANG_WARN_COMMA = YES;
				CLANG_WARN_CONSTANT_CONVERSION = YES;
				CLANG_WARN_DEPRECATED_OBJC_IMPLEMENTATIONS = YES;
				CLANG_WARN_DIRECT_OBJC_ISA_USAGE = YES_ERROR;
				CLANG_WARN_DOCUMENTATION_COMMENTS = YES;
				CLANG_WARN_EMPTY_BODY = YES;
				CLANG_WARN_ENUM_CONVERSION = YES;
				CLANG_WARN_INFINITE_RECURSION = YES;
				CLANG_WARN_INT_CONVERSION = YES;
				CLANG_WARN_NON_LITERAL_NULL_CONVERSION = YES;
				CLANG_WARN_OBJC_IMPLICIT_RETAIN_SELF = YES;
				CLANG_WARN_OBJC_LITERAL_CONVERSION = YES;
				CLANG_WARN_OBJC_ROOT_CLASS = YES_ERROR;
				CLANG_WARN_QUOTED_INCLUDE_IN_FRAMEWORK_HEADER = YES;
				CLANG_WARN_RANGE_LOOP_ANALYSIS = YES;
				CLANG_WARN_STRICT_PROTOTYPES = YES;
				CLANG_WARN_SUSPICIOUS_MOVE = YES;
				CLANG_WARN_UNGUARDED_AVAILABILITY = YES_AGGRESSIVE;
				CLANG_WARN_UNREACHABLE_CODE = YES;
				CLANG_WARN__DUPLICATE_METHOD_MATCH = YES;
				COPY_PHASE_STRIP = NO;
				DEBUG_INFORMATION_FORMAT = dwarf;
				ENABLE_STRICT_OBJC_MSGSEND = YES;
				ENABLE_TESTABILITY = YES;
				GCC_C_LANGUAGE_STANDARD = gnu11;
				GCC_DYNAMIC_NO_PIC = NO;
				GCC_NO_COMMON_BLOCKS = YES;
				GCC_OPTIMIZATION_LEVEL = 0;
				GCC_PREPROCESSOR_DEFINITIONS = (
					"DEBUG=1",
					"$(inherited)",
				);
				GCC_WARN_64_TO_32_BIT_CONVERSION = YES;
				GCC_WARN_ABOUT_RETURN_TYPE = YES_ERROR;
				GCC_WARN_UNDECLARED_SELECTOR = YES;
				GCC_WARN_UNINITIALIZED_AUTOS = YES_AGGRESSIVE;
				GCC_WARN_UNUSED_FUNCTION = YES;
				GCC_WARN_UNUSED_VARIABLE = YES;
				IPHONEOS_DEPLOYMENT_TARGET = 15.5;
				MTL_ENABLE_DEBUG_INFO = INCLUDE_SOURCE;
				MTL_FAST_MATH = YES;
				ONLY_ACTIVE_ARCH = YES;
				SDKROOT = iphoneos;
				SWIFT_ACTIVE_COMPILATION_CONDITIONS = DEBUG;
				SWIFT_OPTIMIZATION_LEVEL = "-Onone";
			};
			name = Debug;
		};
		33987BD828C1028100C70DD7 /* Release */ = {
			isa = XCBuildConfiguration;
			buildSettings = {
				ALWAYS_SEARCH_USER_PATHS = NO;
				CLANG_ANALYZER_NONNULL = YES;
				CLANG_ANALYZER_NUMBER_OBJECT_CONVERSION = YES_AGGRESSIVE;
				CLANG_CXX_LANGUAGE_STANDARD = "gnu++17";
				CLANG_ENABLE_MODULES = YES;
				CLANG_ENABLE_OBJC_ARC = YES;
				CLANG_ENABLE_OBJC_WEAK = YES;
				CLANG_WARN_BLOCK_CAPTURE_AUTORELEASING = YES;
				CLANG_WARN_BOOL_CONVERSION = YES;
				CLANG_WARN_COMMA = YES;
				CLANG_WARN_CONSTANT_CONVERSION = YES;
				CLANG_WARN_DEPRECATED_OBJC_IMPLEMENTATIONS = YES;
				CLANG_WARN_DIRECT_OBJC_ISA_USAGE = YES_ERROR;
				CLANG_WARN_DOCUMENTATION_COMMENTS = YES;
				CLANG_WARN_EMPTY_BODY = YES;
				CLANG_WARN_ENUM_CONVERSION = YES;
				CLANG_WARN_INFINITE_RECURSION = YES;
				CLANG_WARN_INT_CONVERSION = YES;
				CLANG_WARN_NON_LITERAL_NULL_CONVERSION = YES;
				CLANG_WARN_OBJC_IMPLICIT_RETAIN_SELF = YES;
				CLANG_WARN_OBJC_LITERAL_CONVERSION = YES;
				CLANG_WARN_OBJC_ROOT_CLASS = YES_ERROR;
				CLANG_WARN_QUOTED_INCLUDE_IN_FRAMEWORK_HEADER = YES;
				CLANG_WARN_RANGE_LOOP_ANALYSIS = YES;
				CLANG_WARN_STRICT_PROTOTYPES = YES;
				CLANG_WARN_SUSPICIOUS_MOVE = YES;
				CLANG_WARN_UNGUARDED_AVAILABILITY = YES_AGGRESSIVE;
				CLANG_WARN_UNREACHABLE_CODE = YES;
				CLANG_WARN__DUPLICATE_METHOD_MATCH = YES;
				COPY_PHASE_STRIP = NO;
				DEBUG_INFORMATION_FORMAT = "dwarf-with-dsym";
				ENABLE_NS_ASSERTIONS = NO;
				ENABLE_STRICT_OBJC_MSGSEND = YES;
				GCC_C_LANGUAGE_STANDARD = gnu11;
				GCC_NO_COMMON_BLOCKS = YES;
				GCC_WARN_64_TO_32_BIT_CONVERSION = YES;
				GCC_WARN_ABOUT_RETURN_TYPE = YES_ERROR;
				GCC_WARN_UNDECLARED_SELECTOR = YES;
				GCC_WARN_UNINITIALIZED_AUTOS = YES_AGGRESSIVE;
				GCC_WARN_UNUSED_FUNCTION = YES;
				GCC_WARN_UNUSED_VARIABLE = YES;
				IPHONEOS_DEPLOYMENT_TARGET = 15.5;
				MTL_ENABLE_DEBUG_INFO = NO;
				MTL_FAST_MATH = YES;
				SDKROOT = iphoneos;
				SWIFT_COMPILATION_MODE = wholemodule;
				SWIFT_OPTIMIZATION_LEVEL = "-O";
				VALIDATE_PRODUCT = YES;
			};
			name = Release;
		};
		33987BDA28C1028100C70DD7 /* Debug */ = {
			isa = XCBuildConfiguration;
			buildSettings = {
				ASSETCATALOG_COMPILER_APPICON_NAME = AppIcon;
				ASSETCATALOG_COMPILER_GLOBAL_ACCENT_COLOR_NAME = AccentColor;
				CODE_SIGN_STYLE = Automatic;
				CURRENT_PROJECT_VERSION = 1;
				DEVELOPMENT_TEAM = CTDN3273R3;
				GENERATE_INFOPLIST_FILE = YES;
				INFOPLIST_FILE = CpfValidator/Info.plist;
				INFOPLIST_KEY_UIApplicationSupportsIndirectInputEvents = YES;
				INFOPLIST_KEY_UILaunchStoryboardName = LaunchScreen;
				INFOPLIST_KEY_UIMainStoryboardFile = Main;
				INFOPLIST_KEY_UISupportedInterfaceOrientations_iPad = "UIInterfaceOrientationPortrait UIInterfaceOrientationPortraitUpsideDown UIInterfaceOrientationLandscapeLeft UIInterfaceOrientationLandscapeRight";
				INFOPLIST_KEY_UISupportedInterfaceOrientations_iPhone = "UIInterfaceOrientationPortrait UIInterfaceOrientationLandscapeLeft UIInterfaceOrientationLandscapeRight";
				LD_RUNPATH_SEARCH_PATHS = (
					"$(inherited)",
					"@executable_path/Frameworks",
				);
				MARKETING_VERSION = 1.0;
				PRODUCT_BUNDLE_IDENTIFIER = vhenriquebm.CpfValidator;
				PRODUCT_NAME = "$(TARGET_NAME)";
				SWIFT_EMIT_LOC_STRINGS = YES;
				SWIFT_VERSION = 5.0;
				TARGETED_DEVICE_FAMILY = "1,2";
			};
			name = Debug;
		};
		33987BDB28C1028100C70DD7 /* Release */ = {
			isa = XCBuildConfiguration;
			buildSettings = {
				ASSETCATALOG_COMPILER_APPICON_NAME = AppIcon;
				ASSETCATALOG_COMPILER_GLOBAL_ACCENT_COLOR_NAME = AccentColor;
				CODE_SIGN_STYLE = Automatic;
				CURRENT_PROJECT_VERSION = 1;
				DEVELOPMENT_TEAM = CTDN3273R3;
				GENERATE_INFOPLIST_FILE = YES;
				INFOPLIST_FILE = CpfValidator/Info.plist;
				INFOPLIST_KEY_UIApplicationSupportsIndirectInputEvents = YES;
				INFOPLIST_KEY_UILaunchStoryboardName = LaunchScreen;
				INFOPLIST_KEY_UIMainStoryboardFile = Main;
				INFOPLIST_KEY_UISupportedInterfaceOrientations_iPad = "UIInterfaceOrientationPortrait UIInterfaceOrientationPortraitUpsideDown UIInterfaceOrientationLandscapeLeft UIInterfaceOrientationLandscapeRight";
				INFOPLIST_KEY_UISupportedInterfaceOrientations_iPhone = "UIInterfaceOrientationPortrait UIInterfaceOrientationLandscapeLeft UIInterfaceOrientationLandscapeRight";
				LD_RUNPATH_SEARCH_PATHS = (
					"$(inherited)",
					"@executable_path/Frameworks",
				);
				MARKETING_VERSION = 1.0;
				PRODUCT_BUNDLE_IDENTIFIER = vhenriquebm.CpfValidator;
				PRODUCT_NAME = "$(TARGET_NAME)";
				SWIFT_EMIT_LOC_STRINGS = YES;
				SWIFT_VERSION = 5.0;
				TARGETED_DEVICE_FAMILY = "1,2";
			};
			name = Release;
		};
/* End XCBuildConfiguration section */

/* Begin XCConfigurationList section */
		33987BC028C1027F00C70DD7 /* Build configuration list for PBXProject "CpfValidator" */ = {
			isa = XCConfigurationList;
			buildConfigurations = (
				33987BD728C1028100C70DD7 /* Debug */,
				33987BD828C1028100C70DD7 /* Release */,
			);
			defaultConfigurationIsVisible = 0;
			defaultConfigurationName = Release;
		};
		33987BD928C1028100C70DD7 /* Build configuration list for PBXNativeTarget "CpfValidator" */ = {
			isa = XCConfigurationList;
			buildConfigurations = (
				33987BDA28C1028100C70DD7 /* Debug */,
				33987BDB28C1028100C70DD7 /* Release */,
			);
			defaultConfigurationIsVisible = 0;
			defaultConfigurationName = Release;
		};
/* End XCConfigurationList section */
	};
	rootObject = 33987BBD28C1027F00C70DD7 /* Project object */;
}
